
Microsoft Visual Studio Solution File, Format Version 12.00
# Visual Studio 14
VisualStudioVersion = 14.0.25420.1
MinimumVisualStudioVersion = 10.0.40219.1
Project("{00D1A9C2-B5F0-4AF3-8072-F6C62B433612}") = "RepairShop", "RepairShop\RepairShop.sqlproj", "{7A6AD184-3311-4ACB-8040-ECBF292141AB}"
EndProject
Project("{FAE04EC0-301F-11D3-BF4B-00C04F79EFBC}") = "SampleDatabaseWalkthrough", "WindowsFormsApplication1\SampleDatabaseWalkthrough.csproj", "{DA11143C-5529-414A-BD52-3E9AF9A0C99F}"
EndProject
Project("{FAE04EC0-301F-11D3-BF4B-00C04F79EFBC}") = "RepairShopUsingWindowsForms", "RepairShopUsingWindowsForms\RepairShopUsingWindowsForms.csproj", "{BFC60B2E-75B8-4DB7-9334-01D83CE6579B}"
EndProject
Project("{FAE04EC0-301F-11D3-BF4B-00C04F79EFBC}") = "LecturerCodeTesting", "ConsoleApplication1\LecturerCodeTesting.csproj", "{64A26B5D-C692-458C-ADF3-E6F7837CDFDD}"
EndProject
Project("{FAE04EC0-301F-11D3-BF4B-00C04F79EFBC}") = "TestFurtherDataTable", "TestFurtherDataTable\TestFurtherDataTable.csproj", "{7DA2C94C-8840-4902-AA3B-6FF25BE1CC89}"
EndProject
Project("{FAE04EC0-301F-11D3-BF4B-00C04F79EFBC}") = "FinalSolution", "FinalSolution\FinalSolution.csproj", "{FD46974C-1D05-403C-B9B0-1F942F9DD6EB}"
EndProject
Global
	GlobalSection(SolutionConfigurationPlatforms) = preSolution
		Debug|Any CPU = Debug|Any CPU
		Release|Any CPU = Release|Any CPU
	EndGlobalSection
	GlobalSection(ProjectConfigurationPlatforms) = postSolution
		{7A6AD184-3311-4ACB-8040-ECBF292141AB}.Debug|Any CPU.ActiveCfg = Debug|Any CPU
		{7A6AD184-3311-4ACB-8040-ECBF292141AB}.Debug|Any CPU.Build.0 = Debug|Any CPU
		{7A6AD184-3311-4ACB-8040-ECBF292141AB}.Debug|Any CPU.Deploy.0 = Debug|Any CPU
		{7A6AD184-3311-4ACB-8040-ECBF292141AB}.Release|Any CPU.ActiveCfg = Release|Any CPU
		{7A6AD184-3311-4ACB-8040-ECBF292141AB}.Release|Any CPU.Build.0 = Release|Any CPU
		{7A6AD184-3311-4ACB-8040-ECBF292141AB}.Release|Any CPU.Deploy.0 = Release|Any CPU
		{DA11143C-5529-414A-BD52-3E9AF9A0C99F}.Debug|Any CPU.ActiveCfg = Debug|Any CPU
		{DA11143C-5529-414A-BD52-3E9AF9A0C99F}.Debug|Any CPU.Build.0 = Debug|Any CPU
		{DA11143C-5529-414A-BD52-3E9AF9A0C99F}.Release|Any CPU.ActiveCfg = Release|Any CPU
		{DA11143C-5529-414A-BD52-3E9AF9A0C99F}.Release|Any CPU.Build.0 = Release|Any CPU
		{BFC60B2E-75B8-4DB7-9334-01D83CE6579B}.Debug|Any CPU.ActiveCfg = Debug|Any CPU
		{BFC60B2E-75B8-4DB7-9334-01D83CE6579B}.Debug|Any CPU.Build.0 = Debug|Any CPU
		{BFC60B2E-75B8-4DB7-9334-01D83CE6579B}.Release|Any CPU.ActiveCfg = Release|Any CPU
		{BFC60B2E-75B8-4DB7-9334-01D83CE6579B}.Release|Any CPU.Build.0 = Release|Any CPU
		{64A26B5D-C692-458C-ADF3-E6F7837CDFDD}.Debug|Any CPU.ActiveCfg = Debug|Any CPU
		{64A26B5D-C692-458C-ADF3-E6F7837CDFDD}.Debug|Any CPU.Build.0 = Debug|Any CPU
		{64A26B5D-C692-458C-ADF3-E6F7837CDFDD}.Release|Any CPU.ActiveCfg = Release|Any CPU
		{64A26B5D-C692-458C-ADF3-E6F7837CDFDD}.Release|Any CPU.Build.0 = Release|Any CPU
		{7DA2C94C-8840-4902-AA3B-6FF25BE1CC89}.Debug|Any CPU.ActiveCfg = Debug|Any CPU
		{7DA2C94C-8840-4902-AA3B-6FF25BE1CC89}.Debug|Any CPU.Build.0 = Debug|Any CPU
		{7DA2C94C-8840-4902-AA3B-6FF25BE1CC89}.Release|Any CPU.ActiveCfg = Release|Any CPU
		{7DA2C94C-8840-4902-AA3B-6FF25BE1CC89}.Release|Any CPU.Build.0 = Release|Any CPU
		{FD46974C-1D05-403C-B9B0-1F942F9DD6EB}.Debug|Any CPU.ActiveCfg = Debug|Any CPU
		{FD46974C-1D05-403C-B9B0-1F942F9DD6EB}.Debug|Any CPU.Build.0 = Debug|Any CPU
		{FD46974C-1D05-403C-B9B0-1F942F9DD6EB}.Release|Any CPU.ActiveCfg = Release|Any CPU
		{FD46974C-1D05-403C-B9B0-1F942F9DD6EB}.Release|Any CPU.Build.0 = Release|Any CPU
	EndGlobalSection
	GlobalSection(SolutionProperties) = preSolution
		HideSolutionNode = FALSE
	EndGlobalSection
EndGlobal
